
Microsoft Visual Studio Solution File, Format Version 12.00
# Visual Studio Version 16
VisualStudioVersion = 16.0.30717.126
MinimumVisualStudioVersion = 10.0.40219.1
Project("{FAE04EC0-301F-11D3-BF4B-00C04F79EFBC}") = "Presentation Layer", "Presentation Layer\Presentation Layer.csproj", "{B23FD7C1-8501-4626-9D2F-A0E72CF56E14}"
EndProject
Global
	GlobalSection(SolutionConfigurationPlatforms) = preSolution
		Debug|Any CPU = Debug|Any CPU
		Release|Any CPU = Release|Any CPU
	EndGlobalSection
	GlobalSection(ProjectConfigurationPlatforms) = postSolution
		{B23FD7C1-8501-4626-9D2F-A0E72CF56E14}.Debug|Any CPU.ActiveCfg = Debug|Any CPU
		{B23FD7C1-8501-4626-9D2F-A0E72CF56E14}.Debug|Any CPU.Build.0 = Debug|Any CPU
		{B23FD7C1-8501-4626-9D2F-A0E72CF56E14}.Release|Any CPU.ActiveCfg = Release|Any CPU
		{B23FD7C1-8501-4626-9D2F-A0E72CF56E14}.Release|Any CPU.Build.0 = Release|Any CPU
	EndGlobalSection
	GlobalSection(SolutionProperties) = preSolution
		HideSolutionNode = FALSE
	EndGlobalSection
	GlobalSection(ExtensibilityGlobals) = postSolution
		SolutionGuid = {E8514EF9-5CD2-44EC-A54A-538D43CD76EC}
	EndGlobalSection
EndGlobal
